
Microsoft Visual Studio Solution File, Format Version 12.00
# Visual Studio Version 17
VisualStudioVersion = 17.11.35312.102
MinimumVisualStudioVersion = 10.0.40219.1
Project("{FAE04EC0-301F-11D3-BF4B-00C04F79EFBC}") = "ApiDashboard", "ApiDashboard.csproj", "{6FAE0B8D-C762-479E-B06D-3ED721161F70}"
EndProject
Global
	GlobalSection(SolutionConfigurationPlatforms) = preSolution
		Debug|Any CPU = Debug|Any CPU
		Release|Any CPU = Release|Any CPU
	EndGlobalSection
	GlobalSection(ProjectConfigurationPlatforms) = postSolution
		{6FAE0B8D-C762-479E-B06D-3ED721161F70}.Debug|Any CPU.ActiveCfg = Debug|Any CPU
		{6FAE0B8D-C762-479E-B06D-3ED721161F70}.Debug|Any CPU.Build.0 = Debug|Any CPU
		{6FAE0B8D-C762-479E-B06D-3ED721161F70}.Release|Any CPU.ActiveCfg = Release|Any CPU
		{6FAE0B8D-C762-479E-B06D-3ED721161F70}.Release|Any CPU.Build.0 = Release|Any CPU
	EndGlobalSection
	GlobalSection(SolutionProperties) = preSolution
		HideSolutionNode = FALSE
	EndGlobalSection
	GlobalSection(ExtensibilityGlobals) = postSolution
		SolutionGuid = {82454F3B-DC81-4A98-98AB-07BEC9138ACC}
	EndGlobalSection
EndGlobal
